// !$*UTF8*$!
{
	archiveVersion = 1;
	classes = {
	};
	objectVersion = 56;
	objects = {

/* Begin PBXBuildFile section */
		48BAC4D12ACC132900CE4638 /* HappyFamilyApp.swift in Sources */ = {isa = PBXBuildFile; fileRef = 48BAC4D02ACC132900CE4638 /* HappyFamilyApp.swift */; };
		48BAC4D32ACC132900CE4638 /* ContentView.swift in Sources */ = {isa = PBXBuildFile; fileRef = 48BAC4D22ACC132900CE4638 /* ContentView.swift */; };
		48BAC4D52ACC132A00CE4638 /* Assets.xcassets in Resources */ = {isa = PBXBuildFile; fileRef = 48BAC4D42ACC132A00CE4638 /* Assets.xcassets */; };
		48BAC4D82ACC132A00CE4638 /* Preview Assets.xcassets in Resources */ = {isa = PBXBuildFile; fileRef = 48BAC4D72ACC132A00CE4638 /* Preview Assets.xcassets */; };
		48BAC4E22ACC132A00CE4638 /* HappyFamilyTests.swift in Sources */ = {isa = PBXBuildFile; fileRef = 48BAC4E12ACC132A00CE4638 /* HappyFamilyTests.swift */; };
		48BAC4EC2ACC132A00CE4638 /* HappyFamilyUITests.swift in Sources */ = {isa = PBXBuildFile; fileRef = 48BAC4EB2ACC132A00CE4638 /* HappyFamilyUITests.swift */; };
		48BAC4EE2ACC132A00CE4638 /* HappyFamilyUITestsLaunchTests.swift in Sources */ = {isa = PBXBuildFile; fileRef = 48BAC4ED2ACC132A00CE4638 /* HappyFamilyUITestsLaunchTests.swift */; };
/* End PBXBuildFile section */

/* Begin PBXContainerItemProxy section */
		48BAC4DE2ACC132A00CE4638 /* PBXContainerItemProxy */ = {
			isa = PBXContainerItemProxy;
			containerPortal = 48BAC4C52ACC132900CE4638 /* Project object */;
			proxyType = 1;
			remoteGlobalIDString = 48BAC4CC2ACC132900CE4638;
			remoteInfo = HappyFamily;
		};
		48BAC4E82ACC132A00CE4638 /* PBXContainerItemProxy */ = {
			isa = PBXContainerItemProxy;
			containerPortal = 48BAC4C52ACC132900CE4638 /* Project object */;
			proxyType = 1;
			remoteGlobalIDString = 48BAC4CC2ACC132900CE4638;
			remoteInfo = HappyFamily;
		};
/* End PBXContainerItemProxy section */

/* Begin PBXFileReference section */
		48BAC4CD2ACC132900CE4638 /* HappyFamily.app */ = {isa = PBXFileReference; explicitFileType = wrapper.application; includeInIndex = 0; path = HappyFamily.app; sourceTree = BUILT_PRODUCTS_DIR; };
		48BAC4D02ACC132900CE4638 /* HappyFamilyApp.swift */ = {isa = PBXFileReference; lastKnownFileType = sourcecode.swift; path = HappyFamilyApp.swift; sourceTree = "<group>"; };
		48BAC4D22ACC132900CE4638 /* ContentView.swift */ = {isa = PBXFileReference; lastKnownFileType = sourcecode.swift; path = ContentView.swift; sourceTree = "<group>"; };
		48BAC4D42ACC132A00CE4638 /* Assets.xcassets */ = {isa = PBXFileReference; lastKnownFileType = folder.assetcatalog; path = Assets.xcassets; sourceTree = "<group>"; };
		48BAC4D72ACC132A00CE4638 /* Preview Assets.xcassets */ = {isa = PBXFileReference; lastKnownFileType = folder.assetcatalog; path = "Preview Assets.xcassets"; sourceTree = "<group>"; };
		48BAC4DD2ACC132A00CE4638 /* HappyFamilyTests.xctest */ = {isa = PBXFileReference; explicitFileType = wrapper.cfbundle; includeInIndex = 0; path = HappyFamilyTests.xctest; sourceTree = BUILT_PRODUCTS_DIR; };
		48BAC4E12ACC132A00CE4638 /* HappyFamilyTests.swift */ = {isa = PBXFileReference; lastKnownFileType = sourcecode.swift; path = HappyFamilyTests.swift; sourceTree = "<group>"; };
		48BAC4E72ACC132A00CE4638 /* HappyFamilyUITests.xctest */ = {isa = PBXFileReference; explicitFileType = wrapper.cfbundle; includeInIndex = 0; path = HappyFamilyUITests.xctest; sourceTree = BUILT_PRODUCTS_DIR; };
		48BAC4EB2ACC132A00CE4638 /* HappyFamilyUITests.swift */ = {isa = PBXFileReference; lastKnownFileType = sourcecode.swift; path = HappyFamilyUITests.swift; sourceTree = "<group>"; };
		48BAC4ED2ACC132A00CE4638 /* HappyFamilyUITestsLaunchTests.swift */ = {isa = PBXFileReference; lastKnownFileType = sourcecode.swift; path = HappyFamilyUITestsLaunchTests.swift; sourceTree = "<group>"; };
/* End PBXFileReference section */

/* Begin PBXFrameworksBuildPhase section */
		48BAC4CA2ACC132900CE4638 /* Frameworks */ = {
			isa = PBXFrameworksBuildPhase;
			buildActionMask = 2147483647;
			files = (
			);
			runOnlyForDeploymentPostprocessing = 0;
		};
		48BAC4DA2ACC132A00CE4638 /* Frameworks */ = {
			isa = PBXFrameworksBuildPhase;
			buildActionMask = 2147483647;
			files = (
			);
			runOnlyForDeploymentPostprocessing = 0;
		};
		48BAC4E42ACC132A00CE4638 /* Frameworks */ = {
			isa = PBXFrameworksBuildPhase;
			buildActionMask = 2147483647;
			files = (
			);
			runOnlyForDeploymentPostprocessing = 0;
		};
/* End PBXFrameworksBuildPhase section */

/* Begin PBXGroup section */
		48BAC4C42ACC132900CE4638 = {
			isa = PBXGroup;
			children = (
				48BAC4CF2ACC132900CE4638 /* HappyFamily */,
				48BAC4E02ACC132A00CE4638 /* HappyFamilyTests */,
				48BAC4EA2ACC132A00CE4638 /* HappyFamilyUITests */,
				48BAC4CE2ACC132900CE4638 /* Products */,
			);
			sourceTree = "<group>";
		};
		48BAC4CE2ACC132900CE4638 /* Products */ = {
			isa = PBXGroup;
			children = (
				48BAC4CD2ACC132900CE4638 /* HappyFamily.app */,
				48BAC4DD2ACC132A00CE4638 /* HappyFamilyTests.xctest */,
				48BAC4E72ACC132A00CE4638 /* HappyFamilyUITests.xctest */,
			);
			name = Products;
			sourceTree = "<group>";
		};
		48BAC4CF2ACC132900CE4638 /* HappyFamily */ = {
			isa = PBXGroup;
			children = (
				48BAC4D02ACC132900CE4638 /* HappyFamilyApp.swift */,
				48BAC4D22ACC132900CE4638 /* ContentView.swift */,
				48BAC4D42ACC132A00CE4638 /* Assets.xcassets */,
				48BAC4D62ACC132A00CE4638 /* Preview Content */,
			);
			path = HappyFamily;
			sourceTree = "<group>";
		};
		48BAC4D62ACC132A00CE4638 /* Preview Content */ = {
			isa = PBXGroup;
			children = (
				48BAC4D72ACC132A00CE4638 /* Preview Assets.xcassets */,
			);
			path = "Preview Content";
			sourceTree = "<group>";
		};
		48BAC4E02ACC132A00CE4638 /* HappyFamilyTests */ = {
			isa = PBXGroup;
			children = (
				48BAC4E12ACC132A00CE4638 /* HappyFamilyTests.swift */,
			);
			path = HappyFamilyTests;
			sourceTree = "<group>";
		};
		48BAC4EA2ACC132A00CE4638 /* HappyFamilyUITests */ = {
			isa = PBXGroup;
			children = (
				48BAC4EB2ACC132A00CE4638 /* HappyFamilyUITests.swift */,
				48BAC4ED2ACC132A00CE4638 /* HappyFamilyUITestsLaunchTests.swift */,
			);
			path = HappyFamilyUITests;
			sourceTree = "<group>";
		};
/* End PBXGroup section */

/* Begin PBXNativeTarget section */
		48BAC4CC2ACC132900CE4638 /* HappyFamily */ = {
			isa = PBXNativeTarget;
			buildConfigurationList = 48BAC4F12ACC132A00CE4638 /* Build configuration list for PBXNativeTarget "HappyFamily" */;
			buildPhases = (
				48BAC4C92ACC132900CE4638 /* Sources */,
				48BAC4CA2ACC132900CE4638 /* Frameworks */,
				48BAC4CB2ACC132900CE4638 /* Resources */,
			);
			buildRules = (
			);
			dependencies = (
			);
			name = HappyFamily;
			productName = HappyFamily;
			productReference = 48BAC4CD2ACC132900CE4638 /* HappyFamily.app */;
			productType = "com.apple.product-type.application";
		};
		48BAC4DC2ACC132A00CE4638 /* HappyFamilyTests */ = {
			isa = PBXNativeTarget;
			buildConfigurationList = 48BAC4F42ACC132A00CE4638 /* Build configuration list for PBXNativeTarget "HappyFamilyTests" */;
			buildPhases = (
				48BAC4D92ACC132A00CE4638 /* Sources */,
				48BAC4DA2ACC132A00CE4638 /* Frameworks */,
				48BAC4DB2ACC132A00CE4638 /* Resources */,
			);
			buildRules = (
			);
			dependencies = (
				48BAC4DF2ACC132A00CE4638 /* PBXTargetDependency */,
			);
			name = HappyFamilyTests;
			productName = HappyFamilyTests;
			productReference = 48BAC4DD2ACC132A00CE4638 /* HappyFamilyTests.xctest */;
			productType = "com.apple.product-type.bundle.unit-test";
		};
		48BAC4E62ACC132A00CE4638 /* HappyFamilyUITests */ = {
			isa = PBXNativeTarget;
			buildConfigurationList = 48BAC4F72ACC132A00CE4638 /* Build configuration list for PBXNativeTarget "HappyFamilyUITests" */;
			buildPhases = (
				48BAC4E32ACC132A00CE4638 /* Sources */,
				48BAC4E42ACC132A00CE4638 /* Frameworks */,
				48BAC4E52ACC132A00CE4638 /* Resources */,
			);
			buildRules = (
			);
			dependencies = (
				48BAC4E92ACC132A00CE4638 /* PBXTargetDependency */,
			);
			name = HappyFamilyUITests;
			productName = HappyFamilyUITests;
			productReference = 48BAC4E72ACC132A00CE4638 /* HappyFamilyUITests.xctest */;
			productType = "com.apple.product-type.bundle.ui-testing";
		};
/* End PBXNativeTarget section */

/* Begin PBXProject section */
		48BAC4C52ACC132900CE4638 /* Project object */ = {
			isa = PBXProject;
			attributes = {
				BuildIndependentTargetsInParallel = 1;
				LastSwiftUpdateCheck = 1500;
				LastUpgradeCheck = 1500;
				TargetAttributes = {
					48BAC4CC2ACC132900CE4638 = {
						CreatedOnToolsVersion = 15.0;
					};
					48BAC4DC2ACC132A00CE4638 = {
						CreatedOnToolsVersion = 15.0;
						TestTargetID = 48BAC4CC2ACC132900CE4638;
					};
					48BAC4E62ACC132A00CE4638 = {
						CreatedOnToolsVersion = 15.0;
						TestTargetID = 48BAC4CC2ACC132900CE4638;
					};
				};
			};
			buildConfigurationList = 48BAC4C82ACC132900CE4638 /* Build configuration list for PBXProject "HappyFamily" */;
			compatibilityVersion = "Xcode 14.0";
			developmentRegion = en;
			hasScannedForEncodings = 0;
			knownRegions = (
				en,
				Base,
			);
			mainGroup = 48BAC4C42ACC132900CE4638;
			productRefGroup = 48BAC4CE2ACC132900CE4638 /* Products */;
			projectDirPath = "";
			projectRoot = "";
			targets = (
				48BAC4CC2ACC132900CE4638 /* HappyFamily */,
				48BAC4DC2ACC132A00CE4638 /* HappyFamilyTests */,
				48BAC4E62ACC132A00CE4638 /* HappyFamilyUITests */,
			);
		};
/* End PBXProject section */

/* Begin PBXResourcesBuildPhase section */
		48BAC4CB2ACC132900CE4638 /* Resources */ = {
			isa = PBXResourcesBuildPhase;
			buildActionMask = 2147483647;
			files = (
				48BAC4D82ACC132A00CE4638 /* Preview Assets.xcassets in Resources */,
				48BAC4D52ACC132A00CE4638 /* Assets.xcassets in Resources */,
			);
			runOnlyForDeploymentPostprocessing = 0;
		};
		48BAC4DB2ACC132A00CE4638 /* Resources */ = {
			isa = PBXResourcesBuildPhase;
			buildActionMask = 2147483647;
			files = (
			);
			runOnlyForDeploymentPostprocessing = 0;
		};
		48BAC4E52ACC132A00CE4638 /* Resources */ = {
			isa = PBXResourcesBuildPhase;
			buildActionMask = 2147483647;
			files = (
			);
			runOnlyForDeploymentPostprocessing = 0;
		};
/* End PBXResourcesBuildPhase section */

/* Begin PBXSourcesBuildPhase section */
		48BAC4C92ACC132900CE4638 /* Sources */ = {
			isa = PBXSourcesBuildPhase;
			buildActionMask = 2147483647;
			files = (
				48BAC4D32ACC132900CE4638 /* ContentView.swift in Sources */,
				48BAC4D12ACC132900CE4638 /* HappyFamilyApp.swift in Sources */,
			);
			runOnlyForDeploymentPostprocessing = 0;
		};
		48BAC4D92ACC132A00CE4638 /* Sources */ = {
			isa = PBXSourcesBuildPhase;
			buildActionMask = 2147483647;
			files = (
				48BAC4E22ACC132A00CE4638 /* HappyFamilyTests.swift in Sources */,
			);
			runOnlyForDeploymentPostprocessing = 0;
		};
		48BAC4E32ACC132A00CE4638 /* Sources */ = {
			isa = PBXSourcesBuildPhase;
			buildActionMask = 2147483647;
			files = (
				48BAC4EC2ACC132A00CE4638 /* HappyFamilyUITests.swift in Sources */,
				48BAC4EE2ACC132A00CE4638 /* HappyFamilyUITestsLaunchTests.swift in Sources */,
			);
			runOnlyForDeploymentPostprocessing = 0;
		};
/* End PBXSourcesBuildPhase section */

/* Begin PBXTargetDependency section */
		48BAC4DF2ACC132A00CE4638 /* PBXTargetDependency */ = {
			isa = PBXTargetDependency;
			target = 48BAC4CC2ACC132900CE4638 /* HappyFamily */;
			targetProxy = 48BAC4DE2ACC132A00CE4638 /* PBXContainerItemProxy */;
		};
		48BAC4E92ACC132A00CE4638 /* PBXTargetDependency */ = {
			isa = PBXTargetDependency;
			target = 48BAC4CC2ACC132900CE4638 /* HappyFamily */;
			targetProxy = 48BAC4E82ACC132A00CE4638 /* PBXContainerItemProxy */;
		};
/* End PBXTargetDependency section */

/* Begin XCBuildConfiguration section */
		48BAC4EF2ACC132A00CE4638 /* Debug */ = {
			isa = XCBuildConfiguration;
			buildSettings = {
				ALWAYS_SEARCH_USER_PATHS = NO;
				ASSETCATALOG_COMPILER_GENERATE_SWIFT_ASSET_SYMBOL_EXTENSIONS = YES;
				CLANG_ANALYZER_NONNULL = YES;
				CLANG_ANALYZER_NUMBER_OBJECT_CONVERSION = YES_AGGRESSIVE;
				CLANG_CXX_LANGUAGE_STANDARD = "gnu++20";
				CLANG_ENABLE_MODULES = YES;
				CLANG_ENABLE_OBJC_ARC = YES;
				CLANG_ENABLE_OBJC_WEAK = YES;
				CLANG_WARN_BLOCK_CAPTURE_AUTORELEASING = YES;
				CLANG_WARN_BOOL_CONVERSION = YES;
				CLANG_WARN_COMMA = YES;
				CLANG_WARN_CONSTANT_CONVERSION = YES;
				CLANG_WARN_DEPRECATED_OBJC_IMPLEMENTATIONS = YES;
				CLANG_WARN_DIRECT_OBJC_ISA_USAGE = YES_ERROR;
				CLANG_WARN_DOCUMENTATION_COMMENTS = YES;
				CLANG_WARN_EMPTY_BODY = YES;
				CLANG_WARN_ENUM_CONVERSION = YES;
				CLANG_WARN_INFINITE_RECURSION = YES;
				CLANG_WARN_INT_CONVERSION = YES;
				CLANG_WARN_NON_LITERAL_NULL_CONVERSION = YES;
				CLANG_WARN_OBJC_IMPLICIT_RETAIN_SELF = YES;
				CLANG_WARN_OBJC_LITERAL_CONVERSION = YES;
				CLANG_WARN_OBJC_ROOT_CLASS = YES_ERROR;
				CLANG_WARN_QUOTED_INCLUDE_IN_FRAMEWORK_HEADER = YES;
				CLANG_WARN_RANGE_LOOP_ANALYSIS = YES;
				CLANG_WARN_STRICT_PROTOTYPES = YES;
				CLANG_WARN_SUSPICIOUS_MOVE = YES;
				CLANG_WARN_UNGUARDED_AVAILABILITY = YES_AGGRESSIVE;
				CLANG_WARN_UNREACHABLE_CODE = YES;
				CLANG_WARN__DUPLICATE_METHOD_MATCH = YES;
				COPY_PHASE_STRIP = NO;
				DEBUG_INFORMATION_FORMAT = dwarf;
				ENABLE_STRICT_OBJC_MSGSEND = YES;
				ENABLE_TESTABILITY = YES;
				ENABLE_USER_SCRIPT_SANDBOXING = YES;
				GCC_C_LANGUAGE_STANDARD = gnu17;
				GCC_DYNAMIC_NO_PIC = NO;
				GCC_NO_COMMON_BLOCKS = YES;
				GCC_OPTIMIZATION_LEVEL = 0;
				GCC_PREPROCESSOR_DEFINITIONS = (
					"DEBUG=1",
					"$(inherited)",
				);
				GCC_WARN_64_TO_32_BIT_CONVERSION = YES;
				GCC_WARN_ABOUT_RETURN_TYPE = YES_ERROR;
				GCC_WARN_UNDECLARED_SELECTOR = YES;
				GCC_WARN_UNINITIALIZED_AUTOS = YES_AGGRESSIVE;
				GCC_WARN_UNUSED_FUNCTION = YES;
				GCC_WARN_UNUSED_VARIABLE = YES;
				IPHONEOS_DEPLOYMENT_TARGET = 17.0;
				LOCALIZATION_PREFERS_STRING_CATALOGS = YES;
				MTL_ENABLE_DEBUG_INFO = INCLUDE_SOURCE;
				MTL_FAST_MATH = YES;
				ONLY_ACTIVE_ARCH = YES;
				SDKROOT = iphoneos;
				SWIFT_ACTIVE_COMPILATION_CONDITIONS = "DEBUG $(inherited)";
				SWIFT_OPTIMIZATION_LEVEL = "-Onone";
			};
			name = Debug;
		};
		48BAC4F02ACC132A00CE4638 /* Release */ = {
			isa = XCBuildConfiguration;
			buildSettings = {
				ALWAYS_SEARCH_USER_PATHS = NO;
				ASSETCATALOG_COMPILER_GENERATE_SWIFT_ASSET_SYMBOL_EXTENSIONS = YES;
				CLANG_ANALYZER_NONNULL = YES;
				CLANG_ANALYZER_NUMBER_OBJECT_CONVERSION = YES_AGGRESSIVE;
				CLANG_CXX_LANGUAGE_STANDARD = "gnu++20";
				CLANG_ENABLE_MODULES = YES;
				CLANG_ENABLE_OBJC_ARC = YES;
				CLANG_ENABLE_OBJC_WEAK = YES;
				CLANG_WARN_BLOCK_CAPTURE_AUTORELEASING = YES;
				CLANG_WARN_BOOL_CONVERSION = YES;
				CLANG_WARN_COMMA = YES;
				CLANG_WARN_CONSTANT_CONVERSION = YES;
				CLANG_WARN_DEPRECATED_OBJC_IMPLEMENTATIONS = YES;
				CLANG_WARN_DIRECT_OBJC_ISA_USAGE = YES_ERROR;
				CLANG_WARN_DOCUMENTATION_COMMENTS = YES;
				CLANG_WARN_EMPTY_BODY = YES;
				CLANG_WARN_ENUM_CONVERSION = YES;
				CLANG_WARN_INFINITE_RECURSION = YES;
				CLANG_WARN_INT_CONVERSION = YES;
				CLANG_WARN_NON_LITERAL_NULL_CONVERSION = YES;
				CLANG_WARN_OBJC_IMPLICIT_RETAIN_SELF = YES;
				CLANG_WARN_OBJC_LITERAL_CONVERSION = YES;
				CLANG_WARN_OBJC_ROOT_CLASS = YES_ERROR;
				CLANG_WARN_QUOTED_INCLUDE_IN_FRAMEWORK_HEADER = YES;
				CLANG_WARN_RANGE_LOOP_ANALYSIS = YES;
				CLANG_WARN_STRICT_PROTOTYPES = YES;
				CLANG_WARN_SUSPICIOUS_MOVE = YES;
				CLANG_WARN_UNGUARDED_AVAILABILITY = YES_AGGRESSIVE;
				CLANG_WARN_UNREACHABLE_CODE = YES;
				CLANG_WARN__DUPLICATE_METHOD_MATCH = YES;
				COPY_PHASE_STRIP = NO;
				DEBUG_INFORMATION_FORMAT = "dwarf-with-dsym";
				ENABLE_NS_ASSERTIONS = NO;
				ENABLE_STRICT_OBJC_MSGSEND = YES;
				ENABLE_USER_SCRIPT_SANDBOXING = YES;
				GCC_C_LANGUAGE_STANDARD = gnu17;
				GCC_NO_COMMON_BLOCKS = YES;
				GCC_WARN_64_TO_32_BIT_CONVERSION = YES;
				GCC_WARN_ABOUT_RETURN_TYPE = YES_ERROR;
				GCC_WARN_UNDECLARED_SELECTOR = YES;
				GCC_WARN_UNINITIALIZED_AUTOS = YES_AGGRESSIVE;
				GCC_WARN_UNUSED_FUNCTION = YES;
				GCC_WARN_UNUSED_VARIABLE = YES;
				IPHONEOS_DEPLOYMENT_TARGET = 17.0;
				LOCALIZATION_PREFERS_STRING_CATALOGS = YES;
				MTL_ENABLE_DEBUG_INFO = NO;
				MTL_FAST_MATH = YES;
				SDKROOT = iphoneos;
				SWIFT_COMPILATION_MODE = wholemodule;
				VALIDATE_PRODUCT = YES;
			};
			name = Release;
		};
		48BAC4F22ACC132A00CE4638 /* Debug */ = {
			isa = XCBuildConfiguration;
			buildSettings = {
				ASSETCATALOG_COMPILER_APPICON_NAME = AppIcon;
				ASSETCATALOG_COMPILER_GLOBAL_ACCENT_COLOR_NAME = AccentColor;
				CODE_SIGN_STYLE = Automatic;
				CURRENT_PROJECT_VERSION = 1;
				DEVELOPMENT_ASSET_PATHS = "\"HappyFamily/Preview Content\"";
				ENABLE_PREVIEWS = YES;
				GENERATE_INFOPLIST_FILE = YES;
				INFOPLIST_KEY_UIApplicationSceneManifest_Generation = YES;
				INFOPLIST_KEY_UIApplicationSupportsIndirectInputEvents = YES;
				INFOPLIST_KEY_UILaunchScreen_Generation = YES;
				INFOPLIST_KEY_UISupportedInterfaceOrientations_iPad = "UIInterfaceOrientationPortrait UIInterfaceOrientationPortraitUpsideDown UIInterfaceOrientationLandscapeLeft UIInterfaceOrientationLandscapeRight";
				INFOPLIST_KEY_UISupportedInterfaceOrientations_iPhone = "UIInterfaceOrientationPortrait UIInterfaceOrientationLandscapeLeft UIInterfaceOrientationLandscapeRight";
				LD_RUNPATH_SEARCH_PATHS = (
					"$(inherited)",
					"@executable_path/Frameworks",
				);
				MARKETING_VERSION = 1.0;
				PRODUCT_BUNDLE_IDENTIFIER = glhf.HappyFamily;
				PRODUCT_NAME = "$(TARGET_NAME)";
				SWIFT_EMIT_LOC_STRINGS = YES;
				SWIFT_VERSION = 5.0;
				TARGETED_DEVICE_FAMILY = "1,2";
			};
			name = Debug;
		};
		48BAC4F32ACC132A00CE4638 /* Release */ = {
			isa = XCBuildConfiguration;
			buildSettings = {
				ASSETCATALOG_COMPILER_APPICON_NAME = AppIcon;
				ASSETCATALOG_COMPILER_GLOBAL_ACCENT_COLOR_NAME = AccentColor;
				CODE_SIGN_STYLE = Automatic;
				CURRENT_PROJECT_VERSION = 1;
				DEVELOPMENT_ASSET_PATHS = "\"HappyFamily/Preview Content\"";
				ENABLE_PREVIEWS = YES;
				GENERATE_INFOPLIST_FILE = YES;
				INFOPLIST_KEY_UIApplicationSceneManifest_Generation = YES;
				INFOPLIST_KEY_UIApplicationSupportsIndirectInputEvents = YES;
				INFOPLIST_KEY_UILaunchScreen_Generation = YES;
				INFOPLIST_KEY_UISupportedInterfaceOrientations_iPad = "UIInterfaceOrientationPortrait UIInterfaceOrientationPortraitUpsideDown UIInterfaceOrientationLandscapeLeft UIInterfaceOrientationLandscapeRight";
				INFOPLIST_KEY_UISupportedInterfaceOrientations_iPhone = "UIInterfaceOrientationPortrait UIInterfaceOrientationLandscapeLeft UIInterfaceOrientationLandscapeRight";
				LD_RUNPATH_SEARCH_PATHS = (
					"$(inherited)",
					"@executable_path/Frameworks",
				);
				MARKETING_VERSION = 1.0;
				PRODUCT_BUNDLE_IDENTIFIER = glhf.HappyFamily;
				PRODUCT_NAME = "$(TARGET_NAME)";
				SWIFT_EMIT_LOC_STRINGS = YES;
				SWIFT_VERSION = 5.0;
				TARGETED_DEVICE_FAMILY = "1,2";
			};
			name = Release;
		};
		48BAC4F52ACC132A00CE4638 /* Debug */ = {
			isa = XCBuildConfiguration;
			buildSettings = {
				ALWAYS_EMBED_SWIFT_STANDARD_LIBRARIES = YES;
				BUNDLE_LOADER = "$(TEST_HOST)";
				CODE_SIGN_STYLE = Automatic;
				CURRENT_PROJECT_VERSION = 1;
				GENERATE_INFOPLIST_FILE = YES;
				IPHONEOS_DEPLOYMENT_TARGET = 17.0;
				MARKETING_VERSION = 1.0;
				PRODUCT_BUNDLE_IDENTIFIER = glhf.HappyFamilyTests;
				PRODUCT_NAME = "$(TARGET_NAME)";
				SWIFT_EMIT_LOC_STRINGS = NO;
				SWIFT_VERSION = 5.0;
				TARGETED_DEVICE_FAMILY = "1,2";
				TEST_HOST = "$(BUILT_PRODUCTS_DIR)/HappyFamily.app/$(BUNDLE_EXECUTABLE_FOLDER_PATH)/HappyFamily";
			};
			name = Debug;
		};
		48BAC4F62ACC132A00CE4638 /* Release */ = {
			isa = XCBuildConfiguration;
			buildSettings = {
				ALWAYS_EMBED_SWIFT_STANDARD_LIBRARIES = YES;
				BUNDLE_LOADER = "$(TEST_HOST)";
				CODE_SIGN_STYLE = Automatic;
				CURRENT_PROJECT_VERSION = 1;
				GENERATE_INFOPLIST_FILE = YES;
				IPHONEOS_DEPLOYMENT_TARGET = 17.0;
				MARKETING_VERSION = 1.0;
				PRODUCT_BUNDLE_IDENTIFIER = glhf.HappyFamilyTests;
				PRODUCT_NAME = "$(TARGET_NAME)";
				SWIFT_EMIT_LOC_STRINGS = NO;
				SWIFT_VERSION = 5.0;
				TARGETED_DEVICE_FAMILY = "1,2";
				TEST_HOST = "$(BUILT_PRODUCTS_DIR)/HappyFamily.app/$(BUNDLE_EXECUTABLE_FOLDER_PATH)/HappyFamily";
			};
			name = Release;
		};
		48BAC4F82ACC132A00CE4638 /* Debug */ = {
			isa = XCBuildConfiguration;
			buildSettings = {
				ALWAYS_EMBED_SWIFT_STANDARD_LIBRARIES = YES;
				CODE_SIGN_STYLE = Automatic;
				CURRENT_PROJECT_VERSION = 1;
				GENERATE_INFOPLIST_FILE = YES;
				MARKETING_VERSION = 1.0;
				PRODUCT_BUNDLE_IDENTIFIER = glhf.HappyFamilyUITests;
				PRODUCT_NAME = "$(TARGET_NAME)";
				SWIFT_EMIT_LOC_STRINGS = NO;
				SWIFT_VERSION = 5.0;
				TARGETED_DEVICE_FAMILY = "1,2";
				TEST_TARGET_NAME = HappyFamily;
			};
			name = Debug;
		};
		48BAC4F92ACC132A00CE4638 /* Release */ = {
			isa = XCBuildConfiguration;
			buildSettings = {
				ALWAYS_EMBED_SWIFT_STANDARD_LIBRARIES = YES;
				CODE_SIGN_STYLE = Automatic;
				CURRENT_PROJECT_VERSION = 1;
				GENERATE_INFOPLIST_FILE = YES;
				MARKETING_VERSION = 1.0;
				PRODUCT_BUNDLE_IDENTIFIER = glhf.HappyFamilyUITests;
				PRODUCT_NAME = "$(TARGET_NAME)";
				SWIFT_EMIT_LOC_STRINGS = NO;
				SWIFT_VERSION = 5.0;
				TARGETED_DEVICE_FAMILY = "1,2";
				TEST_TARGET_NAME = HappyFamily;
			};
			name = Release;
		};
/* End XCBuildConfiguration section */

/* Begin XCConfigurationList section */
		48BAC4C82ACC132900CE4638 /* Build configuration list for PBXProject "HappyFamily" */ = {
			isa = XCConfigurationList;
			buildConfigurations = (
				48BAC4EF2ACC132A00CE4638 /* Debug */,
				48BAC4F02ACC132A00CE4638 /* Release */,
			);
			defaultConfigurationIsVisible = 0;
			defaultConfigurationName = Release;
		};
		48BAC4F12ACC132A00CE4638 /* Build configuration list for PBXNativeTarget "HappyFamily" */ = {
			isa = XCConfigurationList;
			buildConfigurations = (
				48BAC4F22ACC132A00CE4638 /* Debug */,
				48BAC4F32ACC132A00CE4638 /* Release */,
			);
			defaultConfigurationIsVisible = 0;
			defaultConfigurationName = Release;
		};
		48BAC4F42ACC132A00CE4638 /* Build configuration list for PBXNativeTarget "HappyFamilyTests" */ = {
			isa = XCConfigurationList;
			buildConfigurations = (
				48BAC4F52ACC132A00CE4638 /* Debug */,
				48BAC4F62ACC132A00CE4638 /* Release */,
			);
			defaultConfigurationIsVisible = 0;
			defaultConfigurationName = Release;
		};
		48BAC4F72ACC132A00CE4638 /* Build configuration list for PBXNativeTarget "HappyFamilyUITests" */ = {
			isa = XCConfigurationList;
			buildConfigurations = (
				48BAC4F82ACC132A00CE4638 /* Debug */,
				48BAC4F92ACC132A00CE4638 /* Release */,
			);
			defaultConfigurationIsVisible = 0;
			defaultConfigurationName = Release;
		};
/* End XCConfigurationList section */
	};
	rootObject = 48BAC4C52ACC132900CE4638 /* Project object */;
}
